// !$*UTF8*$!
{
	archiveVersion = 1;
	classes = {
	};
	objectVersion = 50;
	objects = {

/* Begin PBXBuildFile section */
		46FFA44D2385918400D2D945 /* AppDelegate.swift in Sources */ = {isa = PBXBuildFile; fileRef = 46FFA44C2385918400D2D945 /* AppDelegate.swift */; };
		46FFA44F2385918400D2D945 /* ViewController.swift in Sources */ = {isa = PBXBuildFile; fileRef = 46FFA44E2385918400D2D945 /* ViewController.swift */; };
		46FFA4522385918400D2D945 /* Main.storyboard in Resources */ = {isa = PBXBuildFile; fileRef = 46FFA4502385918400D2D945 /* Main.storyboard */; };
		46FFA4552385918400D2D945 /* instacatBrena.xcdatamodeld in Sources */ = {isa = PBXBuildFile; fileRef = 46FFA4532385918400D2D945 /* instacatBrena.xcdatamodeld */; };
		46FFA4572385918700D2D945 /* Assets.xcassets in Resources */ = {isa = PBXBuildFile; fileRef = 46FFA4562385918700D2D945 /* Assets.xcassets */; };
		46FFA45A2385918700D2D945 /* LaunchScreen.storyboard in Resources */ = {isa = PBXBuildFile; fileRef = 46FFA4582385918700D2D945 /* LaunchScreen.storyboard */; };
		46FFA4622385940400D2D945 /* GoogleService-Info.plist in Resources */ = {isa = PBXBuildFile; fileRef = 46FFA4612385940400D2D945 /* GoogleService-Info.plist */; };
		DEE3CB69EADADC3248332AFD /* Pods_instacatBrena.framework in Frameworks */ = {isa = PBXBuildFile; fileRef = 8FA89589F3809E7A0A10DF1A /* Pods_instacatBrena.framework */; };
/* End PBXBuildFile section */

/* Begin PBXFileReference section */
		28C7E167C5D24DF9D19D8D8A /* Pods-instacatBrena.release.xcconfig */ = {isa = PBXFileReference; includeInIndex = 1; lastKnownFileType = text.xcconfig; name = "Pods-instacatBrena.release.xcconfig"; path = "Target Support Files/Pods-instacatBrena/Pods-instacatBrena.release.xcconfig"; sourceTree = "<group>"; };
		46FFA4492385918400D2D945 /* instacatBrena.app */ = {isa = PBXFileReference; explicitFileType = wrapper.application; includeInIndex = 0; path = instacatBrena.app; sourceTree = BUILT_PRODUCTS_DIR; };
		46FFA44C2385918400D2D945 /* AppDelegate.swift */ = {isa = PBXFileReference; lastKnownFileType = sourcecode.swift; path = AppDelegate.swift; sourceTree = "<group>"; };
		46FFA44E2385918400D2D945 /* ViewController.swift */ = {isa = PBXFileReference; lastKnownFileType = sourcecode.swift; path = ViewController.swift; sourceTree = "<group>"; };
		46FFA4512385918400D2D945 /* Base */ = {isa = PBXFileReference; lastKnownFileType = file.storyboard; name = Base; path = Base.lproj/Main.storyboard; sourceTree = "<group>"; };
		46FFA4542385918400D2D945 /* instacatBrena.xcdatamodel */ = {isa = PBXFileReference; lastKnownFileType = wrapper.xcdatamodel; path = instacatBrena.xcdatamodel; sourceTree = "<group>"; };
		46FFA4562385918700D2D945 /* Assets.xcassets */ = {isa = PBXFileReference; lastKnownFileType = folder.assetcatalog; path = Assets.xcassets; sourceTree = "<group>"; };
		46FFA4592385918700D2D945 /* Base */ = {isa = PBXFileReference; lastKnownFileType = file.storyboard; name = Base; path = Base.lproj/LaunchScreen.storyboard; sourceTree = "<group>"; };
		46FFA45B2385918700D2D945 /* Info.plist */ = {isa = PBXFileReference; lastKnownFileType = text.plist.xml; path = Info.plist; sourceTree = "<group>"; };
		46FFA4612385940400D2D945 /* GoogleService-Info.plist */ = {isa = PBXFileReference; fileEncoding = 4; lastKnownFileType = text.plist.xml; path = "GoogleService-Info.plist"; sourceTree = "<group>"; };
		8FA89589F3809E7A0A10DF1A /* Pods_instacatBrena.framework */ = {isa = PBXFileReference; explicitFileType = wrapper.framework; includeInIndex = 0; path = Pods_instacatBrena.framework; sourceTree = BUILT_PRODUCTS_DIR; };
		AE464F491843CAB5010D5DBB /* Pods-instacatBrena.debug.xcconfig */ = {isa = PBXFileReference; includeInIndex = 1; lastKnownFileType = text.xcconfig; name = "Pods-instacatBrena.debug.xcconfig"; path = "Target Support Files/Pods-instacatBrena/Pods-instacatBrena.debug.xcconfig"; sourceTree = "<group>"; };
/* End PBXFileReference section */

/* Begin PBXFrameworksBuildPhase section */
		46FFA4462385918400D2D945 /* Frameworks */ = {
			isa = PBXFrameworksBuildPhase;
			buildActionMask = 2147483647;
			files = (
				DEE3CB69EADADC3248332AFD /* Pods_instacatBrena.framework in Frameworks */,
			);
			runOnlyForDeploymentPostprocessing = 0;
		};
/* End PBXFrameworksBuildPhase section */

/* Begin PBXGroup section */
		32A4A3954FAA6A0A6338D2E8 /* Pods */ = {
			isa = PBXGroup;
			children = (
				AE464F491843CAB5010D5DBB /* Pods-instacatBrena.debug.xcconfig */,
				28C7E167C5D24DF9D19D8D8A /* Pods-instacatBrena.release.xcconfig */,
			);
			name = Pods;
			path = Pods;
			sourceTree = "<group>";
		};
		46FFA4402385918400D2D945 = {
			isa = PBXGroup;
			children = (
				46FFA44B2385918400D2D945 /* instacatBrena */,
				46FFA44A2385918400D2D945 /* Products */,
				32A4A3954FAA6A0A6338D2E8 /* Pods */,
				AF417C3E2A0940840496C6B6 /* Frameworks */,
			);
			sourceTree = "<group>";
		};
		46FFA44A2385918400D2D945 /* Products */ = {
			isa = PBXGroup;
			children = (
				46FFA4492385918400D2D945 /* instacatBrena.app */,
			);
			name = Products;
			sourceTree = "<group>";
		};
		46FFA44B2385918400D2D945 /* instacatBrena */ = {
			isa = PBXGroup;
			children = (
				46FFA4612385940400D2D945 /* GoogleService-Info.plist */,
				46FFA44C2385918400D2D945 /* AppDelegate.swift */,
				46FFA44E2385918400D2D945 /* ViewController.swift */,
				46FFA4502385918400D2D945 /* Main.storyboard */,
				46FFA4562385918700D2D945 /* Assets.xcassets */,
				46FFA4582385918700D2D945 /* LaunchScreen.storyboard */,
				46FFA45B2385918700D2D945 /* Info.plist */,
				46FFA4532385918400D2D945 /* instacatBrena.xcdatamodeld */,
			);
			path = instacatBrena;
			sourceTree = "<group>";
		};
		AF417C3E2A0940840496C6B6 /* Frameworks */ = {
			isa = PBXGroup;
			children = (
				8FA89589F3809E7A0A10DF1A /* Pods_instacatBrena.framework */,
			);
			name = Frameworks;
			sourceTree = "<group>";
		};
/* End PBXGroup section */

/* Begin PBXNativeTarget section */
		46FFA4482385918400D2D945 /* instacatBrena */ = {
			isa = PBXNativeTarget;
			buildConfigurationList = 46FFA45E2385918700D2D945 /* Build configuration list for PBXNativeTarget "instacatBrena" */;
			buildPhases = (
				8901C0CBD0D52D5DF6CD1A4B /* [CP] Check Pods Manifest.lock */,
				46FFA4452385918400D2D945 /* Sources */,
				46FFA4462385918400D2D945 /* Frameworks */,
				46FFA4472385918400D2D945 /* Resources */,
				709A344EF9606159E4A32A3C /* [CP] Embed Pods Frameworks */,
			);
			buildRules = (
			);
			dependencies = (
			);
			name = instacatBrena;
			productName = instacatBrena;
			productReference = 46FFA4492385918400D2D945 /* instacatBrena.app */;
			productType = "com.apple.product-type.application";
		};
/* End PBXNativeTarget section */

/* Begin PBXProject section */
		46FFA4412385918400D2D945 /* Project object */ = {
			isa = PBXProject;
			attributes = {
				LastSwiftUpdateCheck = 1030;
				LastUpgradeCheck = 1030;
				ORGANIZATIONNAME = "Kevin Breña Huachin";
				TargetAttributes = {
					46FFA4482385918400D2D945 = {
						CreatedOnToolsVersion = 10.3;
					};
				};
			};
			buildConfigurationList = 46FFA4442385918400D2D945 /* Build configuration list for PBXProject "instacatBrena" */;
			compatibilityVersion = "Xcode 9.3";
			developmentRegion = en;
			hasScannedForEncodings = 0;
			knownRegions = (
				en,
				Base,
			);
			mainGroup = 46FFA4402385918400D2D945;
			productRefGroup = 46FFA44A2385918400D2D945 /* Products */;
			projectDirPath = "";
			projectRoot = "";
			targets = (
				46FFA4482385918400D2D945 /* instacatBrena */,
			);
		};
/* End PBXProject section */

/* Begin PBXResourcesBuildPhase section */
		46FFA4472385918400D2D945 /* Resources */ = {
			isa = PBXResourcesBuildPhase;
			buildActionMask = 2147483647;
			files = (
				46FFA45A2385918700D2D945 /* LaunchScreen.storyboard in Resources */,
				46FFA4622385940400D2D945 /* GoogleService-Info.plist in Resources */,
				46FFA4572385918700D2D945 /* Assets.xcassets in Resources */,
				46FFA4522385918400D2D945 /* Main.storyboard in Resources */,
			);
			runOnlyForDeploymentPostprocessing = 0;
		};
/* End PBXResourcesBuildPhase section */

/* Begin PBXShellScriptBuildPhase section */
		709A344EF9606159E4A32A3C /* [CP] Embed Pods Frameworks */ = {
			isa = PBXShellScriptBuildPhase;
			buildActionMask = 2147483647;
			files = (
			);
			inputFileListPaths = (
				"${PODS_ROOT}/Target Support Files/Pods-instacatBrena/Pods-instacatBrena-frameworks-${CONFIGURATION}-input-files.xcfilelist",
			);
			name = "[CP] Embed Pods Frameworks";
			outputFileListPaths = (
				"${PODS_ROOT}/Target Support Files/Pods-instacatBrena/Pods-instacatBrena-frameworks-${CONFIGURATION}-output-files.xcfilelist",
			);
			runOnlyForDeploymentPostprocessing = 0;
			shellPath = /bin/sh;
			shellScript = "\"${PODS_ROOT}/Target Support Files/Pods-instacatBrena/Pods-instacatBrena-frameworks.sh\"\n";
			showEnvVarsInLog = 0;
		};
		8901C0CBD0D52D5DF6CD1A4B /* [CP] Check Pods Manifest.lock */ = {
			isa = PBXShellScriptBuildPhase;
			buildActionMask = 2147483647;
			files = (
			);
			inputFileListPaths = (
			);
			inputPaths = (
				"${PODS_PODFILE_DIR_PATH}/Podfile.lock",
				"${PODS_ROOT}/Manifest.lock",
			);
			name = "[CP] Check Pods Manifest.lock";
			outputFileListPaths = (
			);
			outputPaths = (
				"$(DERIVED_FILE_DIR)/Pods-instacatBrena-checkManifestLockResult.txt",
			);
			runOnlyForDeploymentPostprocessing = 0;
			shellPath = /bin/sh;
			shellScript = "diff \"${PODS_PODFILE_DIR_PATH}/Podfile.lock\" \"${PODS_ROOT}/Manifest.lock\" > /dev/null\nif [ $? != 0 ] ; then\n    # print error to STDERR\n    echo \"error: The sandbox is not in sync with the Podfile.lock. Run 'pod install' or update your CocoaPods installation.\" >&2\n    exit 1\nfi\n# This output is used by Xcode 'outputs' to avoid re-running this script phase.\necho \"SUCCESS\" > \"${SCRIPT_OUTPUT_FILE_0}\"\n";
			showEnvVarsInLog = 0;
		};
/* End PBXShellScriptBuildPhase section */

/* Begin PBXSourcesBuildPhase section */
		46FFA4452385918400D2D945 /* Sources */ = {
			isa = PBXSourcesBuildPhase;
			buildActionMask = 2147483647;
			files = (
				46FFA44F2385918400D2D945 /* ViewController.swift in Sources */,
				46FFA44D2385918400D2D945 /* AppDelegate.swift in Sources */,
				46FFA4552385918400D2D945 /* instacatBrena.xcdatamodeld in Sources */,
			);
			runOnlyForDeploymentPostprocessing = 0;
		};
/* End PBXSourcesBuildPhase section */

/* Begin PBXVariantGroup section */
		46FFA4502385918400D2D945 /* Main.storyboard */ = {
			isa = PBXVariantGroup;
			children = (
				46FFA4512385918400D2D945 /* Base */,
			);
			name = Main.storyboard;
			sourceTree = "<group>";
		};
		46FFA4582385918700D2D945 /* LaunchScreen.storyboard */ = {
			isa = PBXVariantGroup;
			children = (
				46FFA4592385918700D2D945 /* Base */,
			);
			name = LaunchScreen.storyboard;
			sourceTree = "<group>";
		};
/* End PBXVariantGroup section */

/* Begin XCBuildConfiguration section */
		46FFA45C2385918700D2D945 /* Debug */ = {
			isa = XCBuildConfiguration;
			buildSettings = {
				ALWAYS_SEARCH_USER_PATHS = NO;
				CLANG_ANALYZER_NONNULL = YES;
				CLANG_ANALYZER_NUMBER_OBJECT_CONVERSION = YES_AGGRESSIVE;
				CLANG_CXX_LANGUAGE_STANDARD = "gnu++14";
				CLANG_CXX_LIBRARY = "libc++";
				CLANG_ENABLE_MODULES = YES;
				CLANG_ENABLE_OBJC_ARC = YES;
				CLANG_ENABLE_OBJC_WEAK = YES;
				CLANG_WARN_BLOCK_CAPTURE_AUTORELEASING = YES;
				CLANG_WARN_BOOL_CONVERSION = YES;
				CLANG_WARN_COMMA = YES;
				CLANG_WARN_CONSTANT_CONVERSION = YES;
				CLANG_WARN_DEPRECATED_OBJC_IMPLEMENTATIONS = YES;
				CLANG_WARN_DIRECT_OBJC_ISA_USAGE = YES_ERROR;
				CLANG_WARN_DOCUMENTATION_COMMENTS = YES;
				CLANG_WARN_EMPTY_BODY = YES;
				CLANG_WARN_ENUM_CONVERSION = YES;
				CLANG_WARN_INFINITE_RECURSION = YES;
				CLANG_WARN_INT_CONVERSION = YES;
				CLANG_WARN_NON_LITERAL_NULL_CONVERSION = YES;
				CLANG_WARN_OBJC_IMPLICIT_RETAIN_SELF = YES;
				CLANG_WARN_OBJC_LITERAL_CONVERSION = YES;
				CLANG_WARN_OBJC_ROOT_CLASS = YES_ERROR;
				CLANG_WARN_RANGE_LOOP_ANALYSIS = YES;
				CLANG_WARN_STRICT_PROTOTYPES = YES;
				CLANG_WARN_SUSPICIOUS_MOVE = YES;
				CLANG_WARN_UNGUARDED_AVAILABILITY = YES_AGGRESSIVE;
				CLANG_WARN_UNREACHABLE_CODE = YES;
				CLANG_WARN__DUPLICATE_METHOD_MATCH = YES;
				CODE_SIGN_IDENTITY = "iPhone Developer";
				COPY_PHASE_STRIP = NO;
				DEBUG_INFORMATION_FORMAT = dwarf;
				ENABLE_STRICT_OBJC_MSGSEND = YES;
				ENABLE_TESTABILITY = YES;
				GCC_C_LANGUAGE_STANDARD = gnu11;
				GCC_DYNAMIC_NO_PIC = NO;
				GCC_NO_COMMON_BLOCKS = YES;
				GCC_OPTIMIZATION_LEVEL = 0;
				GCC_PREPROCESSOR_DEFINITIONS = (
					"DEBUG=1",
					"$(inherited)",
				);
				GCC_WARN_64_TO_32_BIT_CONVERSION = YES;
				GCC_WARN_ABOUT_RETURN_TYPE = YES_ERROR;
				GCC_WARN_UNDECLARED_SELECTOR = YES;
				GCC_WARN_UNINITIALIZED_AUTOS = YES_AGGRESSIVE;
				GCC_WARN_UNUSED_FUNCTION = YES;
				GCC_WARN_UNUSED_VARIABLE = YES;
				IPHONEOS_DEPLOYMENT_TARGET = 12.4;
				MTL_ENABLE_DEBUG_INFO = INCLUDE_SOURCE;
				MTL_FAST_MATH = YES;
				ONLY_ACTIVE_ARCH = YES;
				SDKROOT = iphoneos;
				SWIFT_ACTIVE_COMPILATION_CONDITIONS = DEBUG;
				SWIFT_OPTIMIZATION_LEVEL = "-Onone";
			};
			name = Debug;
		};
		46FFA45D2385918700D2D945 /* Release */ = {
			isa = XCBuildConfiguration;
			buildSettings = {
				ALWAYS_SEARCH_USER_PATHS = NO;
				CLANG_ANALYZER_NONNULL = YES;
				CLANG_ANALYZER_NUMBER_OBJECT_CONVERSION = YES_AGGRESSIVE;
				CLANG_CXX_LANGUAGE_STANDARD = "gnu++14";
				CLANG_CXX_LIBRARY = "libc++";
				CLANG_ENABLE_MODULES = YES;
				CLANG_ENABLE_OBJC_ARC = YES;
				CLANG_ENABLE_OBJC_WEAK = YES;
				CLANG_WARN_BLOCK_CAPTURE_AUTORELEASING = YES;
				CLANG_WARN_BOOL_CONVERSION = YES;
				CLANG_WARN_COMMA = YES;
				CLANG_WARN_CONSTANT_CONVERSION = YES;
				CLANG_WARN_DEPRECATED_OBJC_IMPLEMENTATIONS = YES;
				CLANG_WARN_DIRECT_OBJC_ISA_USAGE = YES_ERROR;
				CLANG_WARN_DOCUMENTATION_COMMENTS = YES;
				CLANG_WARN_EMPTY_BODY = YES;
				CLANG_WARN_ENUM_CONVERSION = YES;
				CLANG_WARN_INFINITE_RECURSION = YES;
				CLANG_WARN_INT_CONVERSION = YES;
				CLANG_WARN_NON_LITERAL_NULL_CONVERSION = YES;
				CLANG_WARN_OBJC_IMPLICIT_RETAIN_SELF = YES;
				CLANG_WARN_OBJC_LITERAL_CONVERSION = YES;
				CLANG_WARN_OBJC_ROOT_CLASS = YES_ERROR;
				CLANG_WARN_RANGE_LOOP_ANALYSIS = YES;
				CLANG_WARN_STRICT_PROTOTYPES = YES;
				CLANG_WARN_SUSPICIOUS_MOVE = YES;
				CLANG_WARN_UNGUARDED_AVAILABILITY = YES_AGGRESSIVE;
				CLANG_WARN_UNREACHABLE_CODE = YES;
				CLANG_WARN__DUPLICATE_METHOD_MATCH = YES;
				CODE_SIGN_IDENTITY = "iPhone Developer";
				COPY_PHASE_STRIP = NO;
				DEBUG_INFORMATION_FORMAT = "dwarf-with-dsym";
				ENABLE_NS_ASSERTIONS = NO;
				ENABLE_STRICT_OBJC_MSGSEND = YES;
				GCC_C_LANGUAGE_STANDARD = gnu11;
				GCC_NO_COMMON_BLOCKS = YES;
				GCC_WARN_64_TO_32_BIT_CONVERSION = YES;
				GCC_WARN_ABOUT_RETURN_TYPE = YES_ERROR;
				GCC_WARN_UNDECLARED_SELECTOR = YES;
				GCC_WARN_UNINITIALIZED_AUTOS = YES_AGGRESSIVE;
				GCC_WARN_UNUSED_FUNCTION = YES;
				GCC_WARN_UNUSED_VARIABLE = YES;
				IPHONEOS_DEPLOYMENT_TARGET = 12.4;
				MTL_ENABLE_DEBUG_INFO = NO;
				MTL_FAST_MATH = YES;
				SDKROOT = iphoneos;
				SWIFT_COMPILATION_MODE = wholemodule;
				SWIFT_OPTIMIZATION_LEVEL = "-O";
				VALIDATE_PRODUCT = YES;
			};
			name = Release;
		};
		46FFA45F2385918700D2D945 /* Debug */ = {
			isa = XCBuildConfiguration;
			baseConfigurationReference = AE464F491843CAB5010D5DBB /* Pods-instacatBrena.debug.xcconfig */;
			buildSettings = {
				ASSETCATALOG_COMPILER_APPICON_NAME = AppIcon;
				CODE_SIGN_STYLE = Automatic;
				DEVELOPMENT_TEAM = C59T5RSM3U;
				INFOPLIST_FILE = instacatBrena/Info.plist;
				LD_RUNPATH_SEARCH_PATHS = (
					"$(inherited)",
					"@executable_path/Frameworks",
				);
				PRODUCT_BUNDLE_IDENTIFIER = com.brena.instacatBrena;
				PRODUCT_NAME = "$(TARGET_NAME)";
				SWIFT_VERSION = 5.0;
				TARGETED_DEVICE_FAMILY = "1,2";
			};
			name = Debug;
		};
		46FFA4602385918700D2D945 /* Release */ = {
			isa = XCBuildConfiguration;
			baseConfigurationReference = 28C7E167C5D24DF9D19D8D8A /* Pods-instacatBrena.release.xcconfig */;
			buildSettings = {
				ASSETCATALOG_COMPILER_APPICON_NAME = AppIcon;
				CODE_SIGN_STYLE = Automatic;
				DEVELOPMENT_TEAM = C59T5RSM3U;
				INFOPLIST_FILE = instacatBrena/Info.plist;
				LD_RUNPATH_SEARCH_PATHS = (
					"$(inherited)",
					"@executable_path/Frameworks",
				);
				PRODUCT_BUNDLE_IDENTIFIER = com.brena.instacatBrena;
				PRODUCT_NAME = "$(TARGET_NAME)";
				SWIFT_VERSION = 5.0;
				TARGETED_DEVICE_FAMILY = "1,2";
			};
			name = Release;
		};
/* End XCBuildConfiguration section */

/* Begin XCConfigurationList section */
		46FFA4442385918400D2D945 /* Build configuration list for PBXProject "instacatBrena" */ = {
			isa = XCConfigurationList;
			buildConfigurations = (
				46FFA45C2385918700D2D945 /* Debug */,
				46FFA45D2385918700D2D945 /* Release */,
			);
			defaultConfigurationIsVisible = 0;
			defaultConfigurationName = Release;
		};
		46FFA45E2385918700D2D945 /* Build configuration list for PBXNativeTarget "instacatBrena" */ = {
			isa = XCConfigurationList;
			buildConfigurations = (
				46FFA45F2385918700D2D945 /* Debug */,
				46FFA4602385918700D2D945 /* Release */,
			);
			defaultConfigurationIsVisible = 0;
			defaultConfigurationName = Release;
		};
/* End XCConfigurationList section */

/* Begin XCVersionGroup section */
		46FFA4532385918400D2D945 /* instacatBrena.xcdatamodeld */ = {
			isa = XCVersionGroup;
			children = (
				46FFA4542385918400D2D945 /* instacatBrena.xcdatamodel */,
			);
			currentVersion = 46FFA4542385918400D2D945 /* instacatBrena.xcdatamodel */;
			path = instacatBrena.xcdatamodeld;
			sourceTree = "<group>";
			versionGroupType = wrapper.xcdatamodel;
		};
/* End XCVersionGroup section */
	};
	rootObject = 46FFA4412385918400D2D945 /* Project object */;
}
